
Microsoft Visual Studio Solution File, Format Version 12.00
# Visual Studio Version 17
VisualStudioVersion = 17.13.35806.99 d17.13
MinimumVisualStudioVersion = 10.0.40219.1
Project("{FAE04EC0-301F-11D3-BF4B-00C04F79EFBC}") = "PROGETTO_SETTIMANALE_13", "PROGETTO_SETTIMANALE_13\PROGETTO_SETTIMANALE_13.csproj", "{A03A4C0B-D5ED-4830-86BB-E43C20B715EC}"
EndProject
Global
	GlobalSection(SolutionConfigurationPlatforms) = preSolution
		Debug|Any CPU = Debug|Any CPU
		Release|Any CPU = Release|Any CPU
	EndGlobalSection
	GlobalSection(ProjectConfigurationPlatforms) = postSolution
		{A03A4C0B-D5ED-4830-86BB-E43C20B715EC}.Debug|Any CPU.ActiveCfg = Debug|Any CPU
		{A03A4C0B-D5ED-4830-86BB-E43C20B715EC}.Debug|Any CPU.Build.0 = Debug|Any CPU
		{A03A4C0B-D5ED-4830-86BB-E43C20B715EC}.Release|Any CPU.ActiveCfg = Release|Any CPU
		{A03A4C0B-D5ED-4830-86BB-E43C20B715EC}.Release|Any CPU.Build.0 = Release|Any CPU
	EndGlobalSection
	GlobalSection(SolutionProperties) = preSolution
		HideSolutionNode = FALSE
	EndGlobalSection
	GlobalSection(ExtensibilityGlobals) = postSolution
		SolutionGuid = {E5EC8CBD-C13F-4841-86A0-B29C00A041DF}
	EndGlobalSection
EndGlobal
